
Microsoft Visual Studio Solution File, Format Version 12.00
# Visual Studio 15
VisualStudioVersion = 15.0.27130.2003
MinimumVisualStudioVersion = 10.0.40219.1
Project("{9A19103F-16F7-4668-BE54-9A1E7A4F7556}") = "RemoteFork.Plugins.AceStream.Rutracker", "RemoteFork.Plugins.AceStream.Rutracker\RemoteFork.Plugins.AceStream.Rutracker.csproj", "{1D70D990-842B-49F6-A454-A90325A4C643}"
EndProject
Project("{9A19103F-16F7-4668-BE54-9A1E7A4F7556}") = "RemoteFork.Log", "RemoteFork.Utility\RemoteFork.Log\RemoteFork.Log.csproj", "{94AE0E8D-6EE3-4D16-B057-6423AF15DB4E}"
EndProject
Project("{9A19103F-16F7-4668-BE54-9A1E7A4F7556}") = "RemoteFork.Network", "RemoteFork.Utility\RemoteFork.Network\RemoteFork.Network.csproj", "{E9AC384A-E521-40D5-AFED-48D3A450D5A6}"
EndProject
Project("{9A19103F-16F7-4668-BE54-9A1E7A4F7556}") = "RemoteFork.Plugins", "RemoteFork.Utility\RemoteFork.Plugins\RemoteFork.Plugins.csproj", "{4C4EB5FF-DC6E-43FC-B2B5-2AA5B0311F26}"
EndProject
Project("{9A19103F-16F7-4668-BE54-9A1E7A4F7556}") = "RemoteFork.Settings", "RemoteFork.Utility\RemoteFork.Settings\RemoteFork.Settings.csproj", "{DA438F30-51EF-4C4D-9501-6A303BBA3C66}"
EndProject
Project("{9A19103F-16F7-4668-BE54-9A1E7A4F7556}") = "RemoteFork.Tools", "RemoteFork.Utility\RemoteFork.Tools\RemoteFork.Tools.csproj", "{5AA5D1D6-23EB-4D6C-8C8F-2E69634D5A8B}"
EndProject
Project("{9A19103F-16F7-4668-BE54-9A1E7A4F7556}") = "RemoteFork.Utility", "RemoteFork.Utility\RemoteFork.Utility\RemoteFork.Utility.csproj", "{D022D0BF-6977-44FD-8A97-37A45FEE4A02}"
EndProject
Project("{9A19103F-16F7-4668-BE54-9A1E7A4F7556}") = "RemoteFork.Torrents", "RemoteFork.Utility\RemoteFork.Torrents\RemoteFork.Torrents.csproj", "{E1CE1690-41D9-4069-BBD8-3B54AA013458}"
EndProject
Global
	GlobalSection(SolutionConfigurationPlatforms) = preSolution
		Debug|Any CPU = Debug|Any CPU
		Release|Any CPU = Release|Any CPU
	EndGlobalSection
	GlobalSection(ProjectConfigurationPlatforms) = postSolution
		{1D70D990-842B-49F6-A454-A90325A4C643}.Debug|Any CPU.ActiveCfg = Debug|Any CPU
		{1D70D990-842B-49F6-A454-A90325A4C643}.Debug|Any CPU.Build.0 = Debug|Any CPU
		{1D70D990-842B-49F6-A454-A90325A4C643}.Release|Any CPU.ActiveCfg = Release|Any CPU
		{1D70D990-842B-49F6-A454-A90325A4C643}.Release|Any CPU.Build.0 = Release|Any CPU
		{94AE0E8D-6EE3-4D16-B057-6423AF15DB4E}.Debug|Any CPU.ActiveCfg = Debug|Any CPU
		{94AE0E8D-6EE3-4D16-B057-6423AF15DB4E}.Debug|Any CPU.Build.0 = Debug|Any CPU
		{94AE0E8D-6EE3-4D16-B057-6423AF15DB4E}.Release|Any CPU.ActiveCfg = Release|Any CPU
		{94AE0E8D-6EE3-4D16-B057-6423AF15DB4E}.Release|Any CPU.Build.0 = Release|Any CPU
		{E9AC384A-E521-40D5-AFED-48D3A450D5A6}.Debug|Any CPU.ActiveCfg = Debug|Any CPU
		{E9AC384A-E521-40D5-AFED-48D3A450D5A6}.Debug|Any CPU.Build.0 = Debug|Any CPU
		{E9AC384A-E521-40D5-AFED-48D3A450D5A6}.Release|Any CPU.ActiveCfg = Release|Any CPU
		{E9AC384A-E521-40D5-AFED-48D3A450D5A6}.Release|Any CPU.Build.0 = Release|Any CPU
		{4C4EB5FF-DC6E-43FC-B2B5-2AA5B0311F26}.Debug|Any CPU.ActiveCfg = Debug|Any CPU
		{4C4EB5FF-DC6E-43FC-B2B5-2AA5B0311F26}.Debug|Any CPU.Build.0 = Debug|Any CPU
		{4C4EB5FF-DC6E-43FC-B2B5-2AA5B0311F26}.Release|Any CPU.ActiveCfg = Release|Any CPU
		{4C4EB5FF-DC6E-43FC-B2B5-2AA5B0311F26}.Release|Any CPU.Build.0 = Release|Any CPU
		{DA438F30-51EF-4C4D-9501-6A303BBA3C66}.Debug|Any CPU.ActiveCfg = Debug|Any CPU
		{DA438F30-51EF-4C4D-9501-6A303BBA3C66}.Debug|Any CPU.Build.0 = Debug|Any CPU
		{DA438F30-51EF-4C4D-9501-6A303BBA3C66}.Release|Any CPU.ActiveCfg = Release|Any CPU
		{DA438F30-51EF-4C4D-9501-6A303BBA3C66}.Release|Any CPU.Build.0 = Release|Any CPU
		{5AA5D1D6-23EB-4D6C-8C8F-2E69634D5A8B}.Debug|Any CPU.ActiveCfg = Debug|Any CPU
		{5AA5D1D6-23EB-4D6C-8C8F-2E69634D5A8B}.Debug|Any CPU.Build.0 = Debug|Any CPU
		{5AA5D1D6-23EB-4D6C-8C8F-2E69634D5A8B}.Release|Any CPU.ActiveCfg = Release|Any CPU
		{5AA5D1D6-23EB-4D6C-8C8F-2E69634D5A8B}.Release|Any CPU.Build.0 = Release|Any CPU
		{D022D0BF-6977-44FD-8A97-37A45FEE4A02}.Debug|Any CPU.ActiveCfg = Debug|Any CPU
		{D022D0BF-6977-44FD-8A97-37A45FEE4A02}.Debug|Any CPU.Build.0 = Debug|Any CPU
		{D022D0BF-6977-44FD-8A97-37A45FEE4A02}.Release|Any CPU.ActiveCfg = Release|Any CPU
		{D022D0BF-6977-44FD-8A97-37A45FEE4A02}.Release|Any CPU.Build.0 = Release|Any CPU
		{E1CE1690-41D9-4069-BBD8-3B54AA013458}.Debug|Any CPU.ActiveCfg = Debug|Any CPU
		{E1CE1690-41D9-4069-BBD8-3B54AA013458}.Debug|Any CPU.Build.0 = Debug|Any CPU
		{E1CE1690-41D9-4069-BBD8-3B54AA013458}.Release|Any CPU.ActiveCfg = Release|Any CPU
		{E1CE1690-41D9-4069-BBD8-3B54AA013458}.Release|Any CPU.Build.0 = Release|Any CPU
	EndGlobalSection
	GlobalSection(SolutionProperties) = preSolution
		HideSolutionNode = FALSE
	EndGlobalSection
	GlobalSection(ExtensibilityGlobals) = postSolution
		SolutionGuid = {6528B6B2-22B1-4276-8667-206088FDE078}
	EndGlobalSection
EndGlobal
