
Microsoft Visual Studio Solution File, Format Version 12.00
# Visual Studio 15
VisualStudioVersion = 15.0.27703.2035
MinimumVisualStudioVersion = 10.0.40219.1
Project("{FAE04EC0-301F-11D3-BF4B-00C04F79EFBC}") = "RemoteFork.Plugins.Kinosha", "RemoteFork.Plugins.Kinosha\RemoteFork.Plugins.Kinosha.csproj", "{8401BA4C-C13F-4A22-B70C-E9BF84CF1603}"
EndProject
Project("{9A19103F-16F7-4668-BE54-9A1E7A4F7556}") = "RemoteFork.Log", "RemoteFork.Utility\RemoteFork.Log\RemoteFork.Log.csproj", "{976C6A59-2F29-4933-BF2D-9C002E0B119C}"
EndProject
Project("{9A19103F-16F7-4668-BE54-9A1E7A4F7556}") = "RemoteFork.Plugins", "RemoteFork.Utility\RemoteFork.Plugins\RemoteFork.Plugins.csproj", "{7716F649-7310-4F21-A08F-C82F1D390BD8}"
EndProject
Project("{9A19103F-16F7-4668-BE54-9A1E7A4F7556}") = "RemoteFork.Network", "RemoteFork.Utility\RemoteFork.Network\RemoteFork.Network.csproj", "{A894F2BC-25D3-42EE-A658-723DFA9D7252}"
EndProject
Project("{9A19103F-16F7-4668-BE54-9A1E7A4F7556}") = "RemoteFork.Settings", "RemoteFork.Utility\RemoteFork.Settings\RemoteFork.Settings.csproj", "{863C8B7E-FD6C-4E9E-BF75-FFEBE606A758}"
EndProject
Project("{9A19103F-16F7-4668-BE54-9A1E7A4F7556}") = "RemoteFork.Tools", "RemoteFork.Utility\RemoteFork.Tools\RemoteFork.Tools.csproj", "{973CFD3F-A059-4B46-B463-4C6E6200DC91}"
EndProject
Project("{9A19103F-16F7-4668-BE54-9A1E7A4F7556}") = "RemoteFork.Torrents", "RemoteFork.Utility\RemoteFork.Torrents\RemoteFork.Torrents.csproj", "{23312807-ED2C-4351-8622-AB1158968AF4}"
EndProject
Project("{9A19103F-16F7-4668-BE54-9A1E7A4F7556}") = "RemoteFork.Utility", "RemoteFork.Utility\RemoteFork.Utility\RemoteFork.Utility.csproj", "{266B7CFF-D5F6-4AAA-BBDD-73A51BE6D98D}"
EndProject
Global
	GlobalSection(SolutionConfigurationPlatforms) = preSolution
		Debug|Any CPU = Debug|Any CPU
		Release|Any CPU = Release|Any CPU
	EndGlobalSection
	GlobalSection(ProjectConfigurationPlatforms) = postSolution
		{8401BA4C-C13F-4A22-B70C-E9BF84CF1603}.Debug|Any CPU.ActiveCfg = Debug|Any CPU
		{8401BA4C-C13F-4A22-B70C-E9BF84CF1603}.Debug|Any CPU.Build.0 = Debug|Any CPU
		{8401BA4C-C13F-4A22-B70C-E9BF84CF1603}.Release|Any CPU.ActiveCfg = Release|Any CPU
		{8401BA4C-C13F-4A22-B70C-E9BF84CF1603}.Release|Any CPU.Build.0 = Release|Any CPU
		{976C6A59-2F29-4933-BF2D-9C002E0B119C}.Debug|Any CPU.ActiveCfg = Debug|Any CPU
		{976C6A59-2F29-4933-BF2D-9C002E0B119C}.Debug|Any CPU.Build.0 = Debug|Any CPU
		{976C6A59-2F29-4933-BF2D-9C002E0B119C}.Release|Any CPU.ActiveCfg = Release|Any CPU
		{976C6A59-2F29-4933-BF2D-9C002E0B119C}.Release|Any CPU.Build.0 = Release|Any CPU
		{7716F649-7310-4F21-A08F-C82F1D390BD8}.Debug|Any CPU.ActiveCfg = Debug|Any CPU
		{7716F649-7310-4F21-A08F-C82F1D390BD8}.Debug|Any CPU.Build.0 = Debug|Any CPU
		{7716F649-7310-4F21-A08F-C82F1D390BD8}.Release|Any CPU.ActiveCfg = Release|Any CPU
		{7716F649-7310-4F21-A08F-C82F1D390BD8}.Release|Any CPU.Build.0 = Release|Any CPU
		{A894F2BC-25D3-42EE-A658-723DFA9D7252}.Debug|Any CPU.ActiveCfg = Debug|Any CPU
		{A894F2BC-25D3-42EE-A658-723DFA9D7252}.Debug|Any CPU.Build.0 = Debug|Any CPU
		{A894F2BC-25D3-42EE-A658-723DFA9D7252}.Release|Any CPU.ActiveCfg = Release|Any CPU
		{A894F2BC-25D3-42EE-A658-723DFA9D7252}.Release|Any CPU.Build.0 = Release|Any CPU
		{863C8B7E-FD6C-4E9E-BF75-FFEBE606A758}.Debug|Any CPU.ActiveCfg = Debug|Any CPU
		{863C8B7E-FD6C-4E9E-BF75-FFEBE606A758}.Debug|Any CPU.Build.0 = Debug|Any CPU
		{863C8B7E-FD6C-4E9E-BF75-FFEBE606A758}.Release|Any CPU.ActiveCfg = Release|Any CPU
		{863C8B7E-FD6C-4E9E-BF75-FFEBE606A758}.Release|Any CPU.Build.0 = Release|Any CPU
		{973CFD3F-A059-4B46-B463-4C6E6200DC91}.Debug|Any CPU.ActiveCfg = Debug|Any CPU
		{973CFD3F-A059-4B46-B463-4C6E6200DC91}.Debug|Any CPU.Build.0 = Debug|Any CPU
		{973CFD3F-A059-4B46-B463-4C6E6200DC91}.Release|Any CPU.ActiveCfg = Release|Any CPU
		{973CFD3F-A059-4B46-B463-4C6E6200DC91}.Release|Any CPU.Build.0 = Release|Any CPU
		{23312807-ED2C-4351-8622-AB1158968AF4}.Debug|Any CPU.ActiveCfg = Debug|Any CPU
		{23312807-ED2C-4351-8622-AB1158968AF4}.Debug|Any CPU.Build.0 = Debug|Any CPU
		{23312807-ED2C-4351-8622-AB1158968AF4}.Release|Any CPU.ActiveCfg = Release|Any CPU
		{23312807-ED2C-4351-8622-AB1158968AF4}.Release|Any CPU.Build.0 = Release|Any CPU
		{266B7CFF-D5F6-4AAA-BBDD-73A51BE6D98D}.Debug|Any CPU.ActiveCfg = Debug|Any CPU
		{266B7CFF-D5F6-4AAA-BBDD-73A51BE6D98D}.Debug|Any CPU.Build.0 = Debug|Any CPU
		{266B7CFF-D5F6-4AAA-BBDD-73A51BE6D98D}.Release|Any CPU.ActiveCfg = Release|Any CPU
		{266B7CFF-D5F6-4AAA-BBDD-73A51BE6D98D}.Release|Any CPU.Build.0 = Release|Any CPU
	EndGlobalSection
	GlobalSection(SolutionProperties) = preSolution
		HideSolutionNode = FALSE
	EndGlobalSection
	GlobalSection(ExtensibilityGlobals) = postSolution
		SolutionGuid = {728C80A4-4CA7-4159-B1B7-D959BF4ADDBD}
	EndGlobalSection
EndGlobal
