
Microsoft Visual Studio Solution File, Format Version 12.00
# Visual Studio 15
VisualStudioVersion = 15.0.27428.2037
MinimumVisualStudioVersion = 10.0.40219.1
Project("{9A19103F-16F7-4668-BE54-9A1E7A4F7556}") = "RemoteFork.Log", "RemoteFork.Utility\RemoteFork.Log\RemoteFork.Log.csproj", "{3896F722-325D-410E-92D3-5576ED105414}"
EndProject
Project("{9A19103F-16F7-4668-BE54-9A1E7A4F7556}") = "RemoteFork.Network", "RemoteFork.Utility\RemoteFork.Network\RemoteFork.Network.csproj", "{E37CBA74-BF5B-4337-A863-C4FF6469F3EC}"
EndProject
Project("{9A19103F-16F7-4668-BE54-9A1E7A4F7556}") = "RemoteFork.Plugins", "RemoteFork.Utility\RemoteFork.Plugins\RemoteFork.Plugins.csproj", "{0B435994-A19C-4753-8C11-C049AACFA2D1}"
EndProject
Project("{9A19103F-16F7-4668-BE54-9A1E7A4F7556}") = "RemoteFork.Settings", "RemoteFork.Utility\RemoteFork.Settings\RemoteFork.Settings.csproj", "{A02107CA-E018-4BB3-A621-785C10556A29}"
EndProject
Project("{9A19103F-16F7-4668-BE54-9A1E7A4F7556}") = "RemoteFork.Tools", "RemoteFork.Utility\RemoteFork.Tools\RemoteFork.Tools.csproj", "{1776AF3B-3BCB-483B-BD6A-C02D673E84C8}"
EndProject
Project("{9A19103F-16F7-4668-BE54-9A1E7A4F7556}") = "RemoteFork.Torrents", "RemoteFork.Utility\RemoteFork.Torrents\RemoteFork.Torrents.csproj", "{CACBDD19-1FCD-4FF3-A194-C23C10271AD2}"
EndProject
Project("{9A19103F-16F7-4668-BE54-9A1E7A4F7556}") = "RemoteFork.Utility", "RemoteFork.Utility\RemoteFork.Utility\RemoteFork.Utility.csproj", "{08E4F015-5C6C-4A0A-A9FF-8173A2F5B97F}"
EndProject
Project("{9A19103F-16F7-4668-BE54-9A1E7A4F7556}") = "RemoteFork.Plugins.HDSerials", "RemoteFork.Plugins.HDSerials\RemoteFork.Plugins.HDSerials.csproj", "{8CC281BC-EB0D-48B6-B294-F0C0F63945FF}"
EndProject
Global
	GlobalSection(SolutionConfigurationPlatforms) = preSolution
		Debug|Any CPU = Debug|Any CPU
		Release|Any CPU = Release|Any CPU
	EndGlobalSection
	GlobalSection(ProjectConfigurationPlatforms) = postSolution
		{3896F722-325D-410E-92D3-5576ED105414}.Debug|Any CPU.ActiveCfg = Debug|Any CPU
		{3896F722-325D-410E-92D3-5576ED105414}.Debug|Any CPU.Build.0 = Debug|Any CPU
		{3896F722-325D-410E-92D3-5576ED105414}.Release|Any CPU.ActiveCfg = Release|Any CPU
		{3896F722-325D-410E-92D3-5576ED105414}.Release|Any CPU.Build.0 = Release|Any CPU
		{E37CBA74-BF5B-4337-A863-C4FF6469F3EC}.Debug|Any CPU.ActiveCfg = Debug|Any CPU
		{E37CBA74-BF5B-4337-A863-C4FF6469F3EC}.Debug|Any CPU.Build.0 = Debug|Any CPU
		{E37CBA74-BF5B-4337-A863-C4FF6469F3EC}.Release|Any CPU.ActiveCfg = Release|Any CPU
		{E37CBA74-BF5B-4337-A863-C4FF6469F3EC}.Release|Any CPU.Build.0 = Release|Any CPU
		{0B435994-A19C-4753-8C11-C049AACFA2D1}.Debug|Any CPU.ActiveCfg = Debug|Any CPU
		{0B435994-A19C-4753-8C11-C049AACFA2D1}.Debug|Any CPU.Build.0 = Debug|Any CPU
		{0B435994-A19C-4753-8C11-C049AACFA2D1}.Release|Any CPU.ActiveCfg = Release|Any CPU
		{0B435994-A19C-4753-8C11-C049AACFA2D1}.Release|Any CPU.Build.0 = Release|Any CPU
		{A02107CA-E018-4BB3-A621-785C10556A29}.Debug|Any CPU.ActiveCfg = Debug|Any CPU
		{A02107CA-E018-4BB3-A621-785C10556A29}.Debug|Any CPU.Build.0 = Debug|Any CPU
		{A02107CA-E018-4BB3-A621-785C10556A29}.Release|Any CPU.ActiveCfg = Release|Any CPU
		{A02107CA-E018-4BB3-A621-785C10556A29}.Release|Any CPU.Build.0 = Release|Any CPU
		{1776AF3B-3BCB-483B-BD6A-C02D673E84C8}.Debug|Any CPU.ActiveCfg = Debug|Any CPU
		{1776AF3B-3BCB-483B-BD6A-C02D673E84C8}.Debug|Any CPU.Build.0 = Debug|Any CPU
		{1776AF3B-3BCB-483B-BD6A-C02D673E84C8}.Release|Any CPU.ActiveCfg = Release|Any CPU
		{1776AF3B-3BCB-483B-BD6A-C02D673E84C8}.Release|Any CPU.Build.0 = Release|Any CPU
		{CACBDD19-1FCD-4FF3-A194-C23C10271AD2}.Debug|Any CPU.ActiveCfg = Debug|Any CPU
		{CACBDD19-1FCD-4FF3-A194-C23C10271AD2}.Debug|Any CPU.Build.0 = Debug|Any CPU
		{CACBDD19-1FCD-4FF3-A194-C23C10271AD2}.Release|Any CPU.ActiveCfg = Release|Any CPU
		{CACBDD19-1FCD-4FF3-A194-C23C10271AD2}.Release|Any CPU.Build.0 = Release|Any CPU
		{08E4F015-5C6C-4A0A-A9FF-8173A2F5B97F}.Debug|Any CPU.ActiveCfg = Debug|Any CPU
		{08E4F015-5C6C-4A0A-A9FF-8173A2F5B97F}.Debug|Any CPU.Build.0 = Debug|Any CPU
		{08E4F015-5C6C-4A0A-A9FF-8173A2F5B97F}.Release|Any CPU.ActiveCfg = Release|Any CPU
		{08E4F015-5C6C-4A0A-A9FF-8173A2F5B97F}.Release|Any CPU.Build.0 = Release|Any CPU
		{8CC281BC-EB0D-48B6-B294-F0C0F63945FF}.Debug|Any CPU.ActiveCfg = Debug|Any CPU
		{8CC281BC-EB0D-48B6-B294-F0C0F63945FF}.Debug|Any CPU.Build.0 = Debug|Any CPU
		{8CC281BC-EB0D-48B6-B294-F0C0F63945FF}.Release|Any CPU.ActiveCfg = Release|Any CPU
		{8CC281BC-EB0D-48B6-B294-F0C0F63945FF}.Release|Any CPU.Build.0 = Release|Any CPU
	EndGlobalSection
	GlobalSection(SolutionProperties) = preSolution
		HideSolutionNode = FALSE
	EndGlobalSection
	GlobalSection(ExtensibilityGlobals) = postSolution
		SolutionGuid = {095A1838-88FC-4F59-AB99-4871DEC75DB0}
	EndGlobalSection
EndGlobal
