
Microsoft Visual Studio Solution File, Format Version 12.00
# Visual Studio 15
VisualStudioVersion = 15.0.27130.2003
MinimumVisualStudioVersion = 10.0.40219.1
Project("{9A19103F-16F7-4668-BE54-9A1E7A4F7556}") = "RemoteFork.Plugins.AceStream.AceStreamTV", "RemoteFork.Plugins.AceStream.AceStreamTV\RemoteFork.Plugins.AceStream.AceStreamTV.csproj", "{584798EB-C044-4ED2-B2A3-10B94B4862F5}"
EndProject
Project("{9A19103F-16F7-4668-BE54-9A1E7A4F7556}") = "RemoteFork.Log", "RemoteFork.Utility\RemoteFork.Log\RemoteFork.Log.csproj", "{E96057D6-D7EC-44D7-BFFD-1AC0379875DE}"
EndProject
Project("{9A19103F-16F7-4668-BE54-9A1E7A4F7556}") = "RemoteFork.Network", "RemoteFork.Utility\RemoteFork.Network\RemoteFork.Network.csproj", "{EF2676B0-6105-4E10-B393-33EA3EEFCDFC}"
EndProject
Project("{9A19103F-16F7-4668-BE54-9A1E7A4F7556}") = "RemoteFork.Plugins", "RemoteFork.Utility\RemoteFork.Plugins\RemoteFork.Plugins.csproj", "{DE4F793E-7ED9-4208-9D39-A42B9F4B1CFD}"
EndProject
Project("{9A19103F-16F7-4668-BE54-9A1E7A4F7556}") = "RemoteFork.Settings", "RemoteFork.Utility\RemoteFork.Settings\RemoteFork.Settings.csproj", "{7A9FACAF-7F16-4CC4-8407-317934D9E5C0}"
EndProject
Project("{9A19103F-16F7-4668-BE54-9A1E7A4F7556}") = "RemoteFork.Tools", "RemoteFork.Utility\RemoteFork.Tools\RemoteFork.Tools.csproj", "{960BF41E-E126-4239-8403-91A7EFAADEE7}"
EndProject
Project("{9A19103F-16F7-4668-BE54-9A1E7A4F7556}") = "RemoteFork.Utility", "RemoteFork.Utility\RemoteFork.Utility\RemoteFork.Utility.csproj", "{560C75D1-EB01-4EDD-928C-99C040C921EC}"
EndProject
Global
	GlobalSection(SolutionConfigurationPlatforms) = preSolution
		Debug|Any CPU = Debug|Any CPU
		Release|Any CPU = Release|Any CPU
	EndGlobalSection
	GlobalSection(ProjectConfigurationPlatforms) = postSolution
		{584798EB-C044-4ED2-B2A3-10B94B4862F5}.Debug|Any CPU.ActiveCfg = Debug|Any CPU
		{584798EB-C044-4ED2-B2A3-10B94B4862F5}.Debug|Any CPU.Build.0 = Debug|Any CPU
		{584798EB-C044-4ED2-B2A3-10B94B4862F5}.Release|Any CPU.ActiveCfg = Release|Any CPU
		{584798EB-C044-4ED2-B2A3-10B94B4862F5}.Release|Any CPU.Build.0 = Release|Any CPU
		{E96057D6-D7EC-44D7-BFFD-1AC0379875DE}.Debug|Any CPU.ActiveCfg = Debug|Any CPU
		{E96057D6-D7EC-44D7-BFFD-1AC0379875DE}.Debug|Any CPU.Build.0 = Debug|Any CPU
		{E96057D6-D7EC-44D7-BFFD-1AC0379875DE}.Release|Any CPU.ActiveCfg = Release|Any CPU
		{E96057D6-D7EC-44D7-BFFD-1AC0379875DE}.Release|Any CPU.Build.0 = Release|Any CPU
		{EF2676B0-6105-4E10-B393-33EA3EEFCDFC}.Debug|Any CPU.ActiveCfg = Debug|Any CPU
		{EF2676B0-6105-4E10-B393-33EA3EEFCDFC}.Debug|Any CPU.Build.0 = Debug|Any CPU
		{EF2676B0-6105-4E10-B393-33EA3EEFCDFC}.Release|Any CPU.ActiveCfg = Release|Any CPU
		{EF2676B0-6105-4E10-B393-33EA3EEFCDFC}.Release|Any CPU.Build.0 = Release|Any CPU
		{DE4F793E-7ED9-4208-9D39-A42B9F4B1CFD}.Debug|Any CPU.ActiveCfg = Debug|Any CPU
		{DE4F793E-7ED9-4208-9D39-A42B9F4B1CFD}.Debug|Any CPU.Build.0 = Debug|Any CPU
		{DE4F793E-7ED9-4208-9D39-A42B9F4B1CFD}.Release|Any CPU.ActiveCfg = Release|Any CPU
		{DE4F793E-7ED9-4208-9D39-A42B9F4B1CFD}.Release|Any CPU.Build.0 = Release|Any CPU
		{7A9FACAF-7F16-4CC4-8407-317934D9E5C0}.Debug|Any CPU.ActiveCfg = Debug|Any CPU
		{7A9FACAF-7F16-4CC4-8407-317934D9E5C0}.Debug|Any CPU.Build.0 = Debug|Any CPU
		{7A9FACAF-7F16-4CC4-8407-317934D9E5C0}.Release|Any CPU.ActiveCfg = Release|Any CPU
		{7A9FACAF-7F16-4CC4-8407-317934D9E5C0}.Release|Any CPU.Build.0 = Release|Any CPU
		{960BF41E-E126-4239-8403-91A7EFAADEE7}.Debug|Any CPU.ActiveCfg = Debug|Any CPU
		{960BF41E-E126-4239-8403-91A7EFAADEE7}.Debug|Any CPU.Build.0 = Debug|Any CPU
		{960BF41E-E126-4239-8403-91A7EFAADEE7}.Release|Any CPU.ActiveCfg = Release|Any CPU
		{960BF41E-E126-4239-8403-91A7EFAADEE7}.Release|Any CPU.Build.0 = Release|Any CPU
		{560C75D1-EB01-4EDD-928C-99C040C921EC}.Debug|Any CPU.ActiveCfg = Debug|Any CPU
		{560C75D1-EB01-4EDD-928C-99C040C921EC}.Debug|Any CPU.Build.0 = Debug|Any CPU
		{560C75D1-EB01-4EDD-928C-99C040C921EC}.Release|Any CPU.ActiveCfg = Release|Any CPU
		{560C75D1-EB01-4EDD-928C-99C040C921EC}.Release|Any CPU.Build.0 = Release|Any CPU
	EndGlobalSection
	GlobalSection(SolutionProperties) = preSolution
		HideSolutionNode = FALSE
	EndGlobalSection
	GlobalSection(ExtensibilityGlobals) = postSolution
		SolutionGuid = {C575BFC5-3997-4C21-8581-A155339ACB46}
	EndGlobalSection
EndGlobal
