
Microsoft Visual Studio Solution File, Format Version 12.00
# Visual Studio 15
VisualStudioVersion = 15.0.27130.2003
MinimumVisualStudioVersion = 10.0.40219.1
Project("{9A19103F-16F7-4668-BE54-9A1E7A4F7556}") = "RemoteFork.Plugins.Seasonvar", "RemoteFork.Plugins.Seasonvar\RemoteFork.Plugins.Seasonvar.csproj", "{55C95234-4209-4B95-B4CF-231BD5038E12}"
EndProject
Project("{9A19103F-16F7-4668-BE54-9A1E7A4F7556}") = "RemoteFork.Utility", "RemoteFork.Utility\RemoteFork.Utility\RemoteFork.Utility.csproj", "{F5C23A47-B121-47C9-A49F-BEDCE6EC8C30}"
EndProject
Project("{9A19103F-16F7-4668-BE54-9A1E7A4F7556}") = "RemoteFork.Plugins", "RemoteFork.Utility\RemoteFork.Plugins\RemoteFork.Plugins.csproj", "{297C6B8E-7EE7-43D1-B73A-B4A99E885EA0}"
EndProject
Project("{9A19103F-16F7-4668-BE54-9A1E7A4F7556}") = "RemoteFork.Network", "RemoteFork.Utility\RemoteFork.Network\RemoteFork.Network.csproj", "{C67FB21F-8536-4DC4-8FD7-AB01FE4E222F}"
EndProject
Project("{9A19103F-16F7-4668-BE54-9A1E7A4F7556}") = "RemoteFork.Log", "RemoteFork.Utility\RemoteFork.Log\RemoteFork.Log.csproj", "{5236235C-58A9-4098-B5CB-C7EEDC540978}"
EndProject
Project("{9A19103F-16F7-4668-BE54-9A1E7A4F7556}") = "RemoteFork.Settings", "RemoteFork.Utility\RemoteFork.Settings\RemoteFork.Settings.csproj", "{806E0F27-4E59-4135-A6C3-C463A6412D3A}"
EndProject
Project("{9A19103F-16F7-4668-BE54-9A1E7A4F7556}") = "RemoteFork.Tools", "RemoteFork.Utility\RemoteFork.Tools\RemoteFork.Tools.csproj", "{10EA8C5D-6C10-4231-A93C-F88EAF852F6E}"
EndProject
Global
	GlobalSection(SolutionConfigurationPlatforms) = preSolution
		Debug|Any CPU = Debug|Any CPU
		Release|Any CPU = Release|Any CPU
	EndGlobalSection
	GlobalSection(ProjectConfigurationPlatforms) = postSolution
		{55C95234-4209-4B95-B4CF-231BD5038E12}.Debug|Any CPU.ActiveCfg = Debug|Any CPU
		{55C95234-4209-4B95-B4CF-231BD5038E12}.Debug|Any CPU.Build.0 = Debug|Any CPU
		{55C95234-4209-4B95-B4CF-231BD5038E12}.Release|Any CPU.ActiveCfg = Release|Any CPU
		{55C95234-4209-4B95-B4CF-231BD5038E12}.Release|Any CPU.Build.0 = Release|Any CPU
		{F5C23A47-B121-47C9-A49F-BEDCE6EC8C30}.Debug|Any CPU.ActiveCfg = Debug|Any CPU
		{F5C23A47-B121-47C9-A49F-BEDCE6EC8C30}.Debug|Any CPU.Build.0 = Debug|Any CPU
		{F5C23A47-B121-47C9-A49F-BEDCE6EC8C30}.Release|Any CPU.ActiveCfg = Release|Any CPU
		{F5C23A47-B121-47C9-A49F-BEDCE6EC8C30}.Release|Any CPU.Build.0 = Release|Any CPU
		{297C6B8E-7EE7-43D1-B73A-B4A99E885EA0}.Debug|Any CPU.ActiveCfg = Debug|Any CPU
		{297C6B8E-7EE7-43D1-B73A-B4A99E885EA0}.Debug|Any CPU.Build.0 = Debug|Any CPU
		{297C6B8E-7EE7-43D1-B73A-B4A99E885EA0}.Release|Any CPU.ActiveCfg = Release|Any CPU
		{297C6B8E-7EE7-43D1-B73A-B4A99E885EA0}.Release|Any CPU.Build.0 = Release|Any CPU
		{C67FB21F-8536-4DC4-8FD7-AB01FE4E222F}.Debug|Any CPU.ActiveCfg = Debug|Any CPU
		{C67FB21F-8536-4DC4-8FD7-AB01FE4E222F}.Debug|Any CPU.Build.0 = Debug|Any CPU
		{C67FB21F-8536-4DC4-8FD7-AB01FE4E222F}.Release|Any CPU.ActiveCfg = Release|Any CPU
		{C67FB21F-8536-4DC4-8FD7-AB01FE4E222F}.Release|Any CPU.Build.0 = Release|Any CPU
		{5236235C-58A9-4098-B5CB-C7EEDC540978}.Debug|Any CPU.ActiveCfg = Debug|Any CPU
		{5236235C-58A9-4098-B5CB-C7EEDC540978}.Debug|Any CPU.Build.0 = Debug|Any CPU
		{5236235C-58A9-4098-B5CB-C7EEDC540978}.Release|Any CPU.ActiveCfg = Release|Any CPU
		{5236235C-58A9-4098-B5CB-C7EEDC540978}.Release|Any CPU.Build.0 = Release|Any CPU
		{806E0F27-4E59-4135-A6C3-C463A6412D3A}.Debug|Any CPU.ActiveCfg = Debug|Any CPU
		{806E0F27-4E59-4135-A6C3-C463A6412D3A}.Debug|Any CPU.Build.0 = Debug|Any CPU
		{806E0F27-4E59-4135-A6C3-C463A6412D3A}.Release|Any CPU.ActiveCfg = Release|Any CPU
		{806E0F27-4E59-4135-A6C3-C463A6412D3A}.Release|Any CPU.Build.0 = Release|Any CPU
		{10EA8C5D-6C10-4231-A93C-F88EAF852F6E}.Debug|Any CPU.ActiveCfg = Debug|Any CPU
		{10EA8C5D-6C10-4231-A93C-F88EAF852F6E}.Debug|Any CPU.Build.0 = Debug|Any CPU
		{10EA8C5D-6C10-4231-A93C-F88EAF852F6E}.Release|Any CPU.ActiveCfg = Release|Any CPU
		{10EA8C5D-6C10-4231-A93C-F88EAF852F6E}.Release|Any CPU.Build.0 = Release|Any CPU
	EndGlobalSection
	GlobalSection(SolutionProperties) = preSolution
		HideSolutionNode = FALSE
	EndGlobalSection
	GlobalSection(ExtensibilityGlobals) = postSolution
		SolutionGuid = {142A7B9D-F579-4BDA-9FDD-761783EECA5D}
	EndGlobalSection
EndGlobal
