
Microsoft Visual Studio Solution File, Format Version 12.00
# Visual Studio 15
VisualStudioVersion = 15.0.27130.2003
MinimumVisualStudioVersion = 10.0.40219.1
Project("{FAE04EC0-301F-11D3-BF4B-00C04F79EFBC}") = "RemoteFork.Plugins.Seasonvar", "RemoteFork.Plugins.Seasonvar\RemoteFork.Plugins.Seasonvar.csproj", "{B33B1D31-89BE-45FC-9601-BFD48459B0AC}"
EndProject
Project("{9A19103F-16F7-4668-BE54-9A1E7A4F7556}") = "RemoteFork_Plugins", "..\remote_fork_plugins\RemoteFork_Plugins\RemoteFork_Plugins.csproj", "{AD02761F-A8FB-42A9-8733-EE4218FEF50C}"
EndProject
Global
	GlobalSection(SolutionConfigurationPlatforms) = preSolution
		Debug|Any CPU = Debug|Any CPU
		Release|Any CPU = Release|Any CPU
	EndGlobalSection
	GlobalSection(ProjectConfigurationPlatforms) = postSolution
		{B33B1D31-89BE-45FC-9601-BFD48459B0AC}.Debug|Any CPU.ActiveCfg = Debug|Any CPU
		{B33B1D31-89BE-45FC-9601-BFD48459B0AC}.Debug|Any CPU.Build.0 = Debug|Any CPU
		{B33B1D31-89BE-45FC-9601-BFD48459B0AC}.Release|Any CPU.ActiveCfg = Release|Any CPU
		{B33B1D31-89BE-45FC-9601-BFD48459B0AC}.Release|Any CPU.Build.0 = Release|Any CPU
		{AD02761F-A8FB-42A9-8733-EE4218FEF50C}.Debug|Any CPU.ActiveCfg = Debug|Any CPU
		{AD02761F-A8FB-42A9-8733-EE4218FEF50C}.Debug|Any CPU.Build.0 = Debug|Any CPU
		{AD02761F-A8FB-42A9-8733-EE4218FEF50C}.Release|Any CPU.ActiveCfg = Release|Any CPU
		{AD02761F-A8FB-42A9-8733-EE4218FEF50C}.Release|Any CPU.Build.0 = Release|Any CPU
	EndGlobalSection
	GlobalSection(SolutionProperties) = preSolution
		HideSolutionNode = FALSE
	EndGlobalSection
	GlobalSection(ExtensibilityGlobals) = postSolution
		SolutionGuid = {5CB3E24F-672C-4988-BCEB-7ADE71365DB7}
	EndGlobalSection
EndGlobal
